// !$*UTF8*$!
{
	archiveVersion = 1;
	classes = {
	};
	objectVersion = 77;
	objects = {

/* Begin PBXContainerItemProxy section */
		FE36111B2DAC9BA2001AFEE0 /* PBXContainerItemProxy */ = {
			isa = PBXContainerItemProxy;
			containerPortal = FE3610FC2DAC9BA1001AFEE0 /* Project object */;
			proxyType = 1;
			remoteGlobalIDString = FE3611032DAC9BA1001AFEE0;
			remoteInfo = WeStore;
		};
		FE3611252DAC9BA2001AFEE0 /* PBXContainerItemProxy */ = {
			isa = PBXContainerItemProxy;
			containerPortal = FE3610FC2DAC9BA1001AFEE0 /* Project object */;
			proxyType = 1;
			remoteGlobalIDString = FE3611032DAC9BA1001AFEE0;
			remoteInfo = WeStore;
		};
/* End PBXContainerItemProxy section */

/* Begin PBXFileReference section */
		FE3611042DAC9BA1001AFEE0 /* WeStore.app */ = {isa = PBXFileReference; explicitFileType = wrapper.application; includeInIndex = 0; path = WeStore.app; sourceTree = BUILT_PRODUCTS_DIR; };
		FE36111A2DAC9BA2001AFEE0 /* WeStoreTests.xctest */ = {isa = PBXFileReference; explicitFileType = wrapper.cfbundle; includeInIndex = 0; path = WeStoreTests.xctest; sourceTree = BUILT_PRODUCTS_DIR; };
		FE3611242DAC9BA2001AFEE0 /* WeStoreUITests.xctest */ = {isa = PBXFileReference; explicitFileType = wrapper.cfbundle; includeInIndex = 0; path = WeStoreUITests.xctest; sourceTree = BUILT_PRODUCTS_DIR; };
/* End PBXFileReference section */

/* Begin PBXFileSystemSynchronizedBuildFileExceptionSet section */
		FE36112C2DAC9BA2001AFEE0 /* Exceptions for "WeStore" folder in "WeStore" target */ = {
			isa = PBXFileSystemSynchronizedBuildFileExceptionSet;
			membershipExceptions = (
				Info.plist,
			);
			target = FE3611032DAC9BA1001AFEE0 /* WeStore */;
		};
/* End PBXFileSystemSynchronizedBuildFileExceptionSet section */

/* Begin PBXFileSystemSynchronizedRootGroup section */
		FE3611062DAC9BA1001AFEE0 /* WeStore */ = {
			isa = PBXFileSystemSynchronizedRootGroup;
			exceptions = (
				FE36112C2DAC9BA2001AFEE0 /* Exceptions for "WeStore" folder in "WeStore" target */,
			);
			path = WeStore;
			sourceTree = "<group>";
		};
		FE36111D2DAC9BA2001AFEE0 /* WeStoreTests */ = {
			isa = PBXFileSystemSynchronizedRootGroup;
			path = WeStoreTests;
			sourceTree = "<group>";
		};
		FE3611272DAC9BA2001AFEE0 /* WeStoreUITests */ = {
			isa = PBXFileSystemSynchronizedRootGroup;
			path = WeStoreUITests;
			sourceTree = "<group>";
		};
/* End PBXFileSystemSynchronizedRootGroup section */

/* Begin PBXFrameworksBuildPhase section */
		FE3611012DAC9BA1001AFEE0 /* Frameworks */ = {
			isa = PBXFrameworksBuildPhase;
			buildActionMask = 2147483647;
			files = (
			);
			runOnlyForDeploymentPostprocessing = 0;
		};
		FE3611172DAC9BA2001AFEE0 /* Frameworks */ = {
			isa = PBXFrameworksBuildPhase;
			buildActionMask = 2147483647;
			files = (
			);
			runOnlyForDeploymentPostprocessing = 0;
		};
		FE3611212DAC9BA2001AFEE0 /* Frameworks */ = {
			isa = PBXFrameworksBuildPhase;
			buildActionMask = 2147483647;
			files = (
			);
			runOnlyForDeploymentPostprocessing = 0;
		};
/* End PBXFrameworksBuildPhase section */

/* Begin PBXGroup section */
		FE3610FB2DAC9BA1001AFEE0 = {
			isa = PBXGroup;
			children = (
				FE3611062DAC9BA1001AFEE0 /* WeStore */,
				FE36111D2DAC9BA2001AFEE0 /* WeStoreTests */,
				FE3611272DAC9BA2001AFEE0 /* WeStoreUITests */,
				FE3611052DAC9BA1001AFEE0 /* Products */,
			);
			sourceTree = "<group>";
		};
		FE3611052DAC9BA1001AFEE0 /* Products */ = {
			isa = PBXGroup;
			children = (
				FE3611042DAC9BA1001AFEE0 /* WeStore.app */,
				FE36111A2DAC9BA2001AFEE0 /* WeStoreTests.xctest */,
				FE3611242DAC9BA2001AFEE0 /* WeStoreUITests.xctest */,
			);
			name = Products;
			sourceTree = "<group>";
		};
/* End PBXGroup section */

/* Begin PBXNativeTarget section */
		FE3611032DAC9BA1001AFEE0 /* WeStore */ = {
			isa = PBXNativeTarget;
			buildConfigurationList = FE36112D2DAC9BA2001AFEE0 /* Build configuration list for PBXNativeTarget "WeStore" */;
			buildPhases = (
				FE3611002DAC9BA1001AFEE0 /* Sources */,
				FE3611012DAC9BA1001AFEE0 /* Frameworks */,
				FE3611022DAC9BA1001AFEE0 /* Resources */,
			);
			buildRules = (
			);
			dependencies = (
			);
			fileSystemSynchronizedGroups = (
				FE3611062DAC9BA1001AFEE0 /* WeStore */,
			);
			name = WeStore;
			packageProductDependencies = (
			);
			productName = WeStore;
			productReference = FE3611042DAC9BA1001AFEE0 /* WeStore.app */;
			productType = "com.apple.product-type.application";
		};
		FE3611192DAC9BA2001AFEE0 /* WeStoreTests */ = {
			isa = PBXNativeTarget;
			buildConfigurationList = FE3611322DAC9BA2001AFEE0 /* Build configuration list for PBXNativeTarget "WeStoreTests" */;
			buildPhases = (
				FE3611162DAC9BA2001AFEE0 /* Sources */,
				FE3611172DAC9BA2001AFEE0 /* Frameworks */,
				FE3611182DAC9BA2001AFEE0 /* Resources */,
			);
			buildRules = (
			);
			dependencies = (
				FE36111C2DAC9BA2001AFEE0 /* PBXTargetDependency */,
			);
			fileSystemSynchronizedGroups = (
				FE36111D2DAC9BA2001AFEE0 /* WeStoreTests */,
			);
			name = WeStoreTests;
			packageProductDependencies = (
			);
			productName = WeStoreTests;
			productReference = FE36111A2DAC9BA2001AFEE0 /* WeStoreTests.xctest */;
			productType = "com.apple.product-type.bundle.unit-test";
		};
		FE3611232DAC9BA2001AFEE0 /* WeStoreUITests */ = {
			isa = PBXNativeTarget;
			buildConfigurationList = FE3611352DAC9BA2001AFEE0 /* Build configuration list for PBXNativeTarget "WeStoreUITests" */;
			buildPhases = (
				FE3611202DAC9BA2001AFEE0 /* Sources */,
				FE3611212DAC9BA2001AFEE0 /* Frameworks */,
				FE3611222DAC9BA2001AFEE0 /* Resources */,
			);
			buildRules = (
			);
			dependencies = (
				FE3611262DAC9BA2001AFEE0 /* PBXTargetDependency */,
			);
			fileSystemSynchronizedGroups = (
				FE3611272DAC9BA2001AFEE0 /* WeStoreUITests */,
			);
			name = WeStoreUITests;
			packageProductDependencies = (
			);
			productName = WeStoreUITests;
			productReference = FE3611242DAC9BA2001AFEE0 /* WeStoreUITests.xctest */;
			productType = "com.apple.product-type.bundle.ui-testing";
		};
/* End PBXNativeTarget section */

/* Begin PBXProject section */
		FE3610FC2DAC9BA1001AFEE0 /* Project object */ = {
			isa = PBXProject;
			attributes = {
				BuildIndependentTargetsInParallel = 1;
				LastSwiftUpdateCheck = 1630;
				LastUpgradeCheck = 1630;
				TargetAttributes = {
					FE3611032DAC9BA1001AFEE0 = {
						CreatedOnToolsVersion = 16.3;
					};
					FE3611192DAC9BA2001AFEE0 = {
						CreatedOnToolsVersion = 16.3;
						TestTargetID = FE3611032DAC9BA1001AFEE0;
					};
					FE3611232DAC9BA2001AFEE0 = {
						CreatedOnToolsVersion = 16.3;
						TestTargetID = FE3611032DAC9BA1001AFEE0;
					};
				};
			};
			buildConfigurationList = FE3610FF2DAC9BA1001AFEE0 /* Build configuration list for PBXProject "WeStore" */;
			developmentRegion = en;
			hasScannedForEncodings = 0;
			knownRegions = (
				en,
				Base,
			);
			mainGroup = FE3610FB2DAC9BA1001AFEE0;
			minimizedProjectReferenceProxies = 1;
			preferredProjectObjectVersion = 77;
			productRefGroup = FE3611052DAC9BA1001AFEE0 /* Products */;
			projectDirPath = "";
			projectRoot = "";
			targets = (
				FE3611032DAC9BA1001AFEE0 /* WeStore */,
				FE3611192DAC9BA2001AFEE0 /* WeStoreTests */,
				FE3611232DAC9BA2001AFEE0 /* WeStoreUITests */,
			);
		};
/* End PBXProject section */

/* Begin PBXResourcesBuildPhase section */
		FE3611022DAC9BA1001AFEE0 /* Resources */ = {
			isa = PBXResourcesBuildPhase;
			buildActionMask = 2147483647;
			files = (
			);
			runOnlyForDeploymentPostprocessing = 0;
		};
		FE3611182DAC9BA2001AFEE0 /* Resources */ = {
			isa = PBXResourcesBuildPhase;
			buildActionMask = 2147483647;
			files = (
			);
			runOnlyForDeploymentPostprocessing = 0;
		};
		FE3611222DAC9BA2001AFEE0 /* Resources */ = {
			isa = PBXResourcesBuildPhase;
			buildActionMask = 2147483647;
			files = (
			);
			runOnlyForDeploymentPostprocessing = 0;
		};
/* End PBXResourcesBuildPhase section */

/* Begin PBXSourcesBuildPhase section */
		FE3611002DAC9BA1001AFEE0 /* Sources */ = {
			isa = PBXSourcesBuildPhase;
			buildActionMask = 2147483647;
			files = (
			);
			runOnlyForDeploymentPostprocessing = 0;
		};
		FE3611162DAC9BA2001AFEE0 /* Sources */ = {
			isa = PBXSourcesBuildPhase;
			buildActionMask = 2147483647;
			files = (
			);
			runOnlyForDeploymentPostprocessing = 0;
		};
		FE3611202DAC9BA2001AFEE0 /* Sources */ = {
			isa = PBXSourcesBuildPhase;
			buildActionMask = 2147483647;
			files = (
			);
			runOnlyForDeploymentPostprocessing = 0;
		};
/* End PBXSourcesBuildPhase section */

/* Begin PBXTargetDependency section */
		FE36111C2DAC9BA2001AFEE0 /* PBXTargetDependency */ = {
			isa = PBXTargetDependency;
			target = FE3611032DAC9BA1001AFEE0 /* WeStore */;
			targetProxy = FE36111B2DAC9BA2001AFEE0 /* PBXContainerItemProxy */;
		};
		FE3611262DAC9BA2001AFEE0 /* PBXTargetDependency */ = {
			isa = PBXTargetDependency;
			target = FE3611032DAC9BA1001AFEE0 /* WeStore */;
			targetProxy = FE3611252DAC9BA2001AFEE0 /* PBXContainerItemProxy */;
		};
/* End PBXTargetDependency section */

/* Begin XCBuildConfiguration section */
		FE36112E2DAC9BA2001AFEE0 /* Debug */ = {
			isa = XCBuildConfiguration;
			buildSettings = {
				ASSETCATALOG_COMPILER_APPICON_NAME = AppIcon;
				ASSETCATALOG_COMPILER_GLOBAL_ACCENT_COLOR_NAME = AccentColor;
				CODE_SIGN_STYLE = Automatic;
				CURRENT_PROJECT_VERSION = 1;
				DEVELOPMENT_TEAM = WS3BK2UAV4;
				GENERATE_INFOPLIST_FILE = YES;
				INFOPLIST_FILE = WeStore/Info.plist;
				INFOPLIST_KEY_UIApplicationSupportsIndirectInputEvents = YES;
				INFOPLIST_KEY_UILaunchStoryboardName = LaunchScreen;
				INFOPLIST_KEY_UIMainStoryboardFile = Main;
				INFOPLIST_KEY_UISupportedInterfaceOrientations_iPad = "UIInterfaceOrientationPortrait UIInterfaceOrientationPortraitUpsideDown UIInterfaceOrientationLandscapeLeft UIInterfaceOrientationLandscapeRight";
				INFOPLIST_KEY_UISupportedInterfaceOrientations_iPhone = "UIInterfaceOrientationPortrait UIInterfaceOrientationLandscapeLeft UIInterfaceOrientationLandscapeRight";
				LD_RUNPATH_SEARCH_PATHS = (
					"$(inherited)",
					"@executable_path/Frameworks",
				);
				MARKETING_VERSION = 1.0;
				PRODUCT_BUNDLE_IDENTIFIER = minhbui.WeStore;
				PRODUCT_NAME = "$(TARGET_NAME)";
				SWIFT_EMIT_LOC_STRINGS = YES;
				SWIFT_VERSION = 5.0;
				TARGETED_DEVICE_FAMILY = "1,2";
			};
			name = Debug;
		};
		FE36112F2DAC9BA2001AFEE0 /* Release */ = {
			isa = XCBuildConfiguration;
			buildSettings = {
				ASSETCATALOG_COMPILER_APPICON_NAME = AppIcon;
				ASSETCATALOG_COMPILER_GLOBAL_ACCENT_COLOR_NAME = AccentColor;
				CODE_SIGN_STYLE = Automatic;
				CURRENT_PROJECT_VERSION = 1;
				DEVELOPMENT_TEAM = WS3BK2UAV4;
				GENERATE_INFOPLIST_FILE = YES;
				INFOPLIST_FILE = WeStore/Info.plist;
				INFOPLIST_KEY_UIApplicationSupportsIndirectInputEvents = YES;
				INFOPLIST_KEY_UILaunchStoryboardName = LaunchScreen;
				INFOPLIST_KEY_UIMainStoryboardFile = Main;
				INFOPLIST_KEY_UISupportedInterfaceOrientations_iPad = "UIInterfaceOrientationPortrait UIInterfaceOrientationPortraitUpsideDown UIInterfaceOrientationLandscapeLeft UIInterfaceOrientationLandscapeRight";
				INFOPLIST_KEY_UISupportedInterfaceOrientations_iPhone = "UIInterfaceOrientationPortrait UIInterfaceOrientationLandscapeLeft UIInterfaceOrientationLandscapeRight";
				LD_RUNPATH_SEARCH_PATHS = (
					"$(inherited)",
					"@executable_path/Frameworks",
				);
				MARKETING_VERSION = 1.0;
				PRODUCT_BUNDLE_IDENTIFIER = minhbui.WeStore;
				PRODUCT_NAME = "$(TARGET_NAME)";
				SWIFT_EMIT_LOC_STRINGS = YES;
				SWIFT_VERSION = 5.0;
				TARGETED_DEVICE_FAMILY = "1,2";
			};
			name = Release;
		};
		FE3611302DAC9BA2001AFEE0 /* Debug */ = {
			isa = XCBuildConfiguration;
			buildSettings = {
				ALWAYS_SEARCH_USER_PATHS = NO;
				ASSETCATALOG_COMPILER_GENERATE_SWIFT_ASSET_SYMBOL_EXTENSIONS = YES;
				CLANG_ANALYZER_NONNULL = YES;
				CLANG_ANALYZER_NUMBER_OBJECT_CONVERSION = YES_AGGRESSIVE;
				CLANG_CXX_LANGUAGE_STANDARD = "gnu++20";
				CLANG_ENABLE_MODULES = YES;
				CLANG_ENABLE_OBJC_ARC = YES;
				CLANG_ENABLE_OBJC_WEAK = YES;
				CLANG_WARN_BLOCK_CAPTURE_AUTORELEASING = YES;
				CLANG_WARN_BOOL_CONVERSION = YES;
				CLANG_WARN_COMMA = YES;
				CLANG_WARN_CONSTANT_CONVERSION = YES;
				CLANG_WARN_DEPRECATED_OBJC_IMPLEMENTATIONS = YES;
				CLANG_WARN_DIRECT_OBJC_ISA_USAGE = YES_ERROR;
				CLANG_WARN_DOCUMENTATION_COMMENTS = YES;
				CLANG_WARN_EMPTY_BODY = YES;
				CLANG_WARN_ENUM_CONVERSION = YES;
				CLANG_WARN_INFINITE_RECURSION = YES;
				CLANG_WARN_INT_CONVERSION = YES;
				CLANG_WARN_NON_LITERAL_NULL_CONVERSION = YES;
				CLANG_WARN_OBJC_IMPLICIT_RETAIN_SELF = YES;
				CLANG_WARN_OBJC_LITERAL_CONVERSION = YES;
				CLANG_WARN_OBJC_ROOT_CLASS = YES_ERROR;
				CLANG_WARN_QUOTED_INCLUDE_IN_FRAMEWORK_HEADER = YES;
				CLANG_WARN_RANGE_LOOP_ANALYSIS = YES;
				CLANG_WARN_STRICT_PROTOTYPES = YES;
				CLANG_WARN_SUSPICIOUS_MOVE = YES;
				CLANG_WARN_UNGUARDED_AVAILABILITY = YES_AGGRESSIVE;
				CLANG_WARN_UNREACHABLE_CODE = YES;
				CLANG_WARN__DUPLICATE_METHOD_MATCH = YES;
				COPY_PHASE_STRIP = NO;
				DEBUG_INFORMATION_FORMAT = dwarf;
				DEVELOPMENT_TEAM = WS3BK2UAV4;
				ENABLE_STRICT_OBJC_MSGSEND = YES;
				ENABLE_TESTABILITY = YES;
				ENABLE_USER_SCRIPT_SANDBOXING = YES;
				GCC_C_LANGUAGE_STANDARD = gnu17;
				GCC_DYNAMIC_NO_PIC = NO;
				GCC_NO_COMMON_BLOCKS = YES;
				GCC_OPTIMIZATION_LEVEL = 0;
				GCC_PREPROCESSOR_DEFINITIONS = (
					"DEBUG=1",
					"$(inherited)",
				);
				GCC_WARN_64_TO_32_BIT_CONVERSION = YES;
				GCC_WARN_ABOUT_RETURN_TYPE = YES_ERROR;
				GCC_WARN_UNDECLARED_SELECTOR = YES;
				GCC_WARN_UNINITIALIZED_AUTOS = YES_AGGRESSIVE;
				GCC_WARN_UNUSED_FUNCTION = YES;
				GCC_WARN_UNUSED_VARIABLE = YES;
				IPHONEOS_DEPLOYMENT_TARGET = 18.4;
				LOCALIZATION_PREFERS_STRING_CATALOGS = YES;
				MTL_ENABLE_DEBUG_INFO = INCLUDE_SOURCE;
				MTL_FAST_MATH = YES;
				ONLY_ACTIVE_ARCH = YES;
				SDKROOT = iphoneos;
				SWIFT_ACTIVE_COMPILATION_CONDITIONS = "DEBUG $(inherited)";
				SWIFT_OPTIMIZATION_LEVEL = "-Onone";
			};
			name = Debug;
		};
		FE3611312DAC9BA2001AFEE0 /* Release */ = {
			isa = XCBuildConfiguration;
			buildSettings = {
				ALWAYS_SEARCH_USER_PATHS = NO;
				ASSETCATALOG_COMPILER_GENERATE_SWIFT_ASSET_SYMBOL_EXTENSIONS = YES;
				CLANG_ANALYZER_NONNULL = YES;
				CLANG_ANALYZER_NUMBER_OBJECT_CONVERSION = YES_AGGRESSIVE;
				CLANG_CXX_LANGUAGE_STANDARD = "gnu++20";
				CLANG_ENABLE_MODULES = YES;
				CLANG_ENABLE_OBJC_ARC = YES;
				CLANG_ENABLE_OBJC_WEAK = YES;
				CLANG_WARN_BLOCK_CAPTURE_AUTORELEASING = YES;
				CLANG_WARN_BOOL_CONVERSION = YES;
				CLANG_WARN_COMMA = YES;
				CLANG_WARN_CONSTANT_CONVERSION = YES;
				CLANG_WARN_DEPRECATED_OBJC_IMPLEMENTATIONS = YES;
				CLANG_WARN_DIRECT_OBJC_ISA_USAGE = YES_ERROR;
				CLANG_WARN_DOCUMENTATION_COMMENTS = YES;
				CLANG_WARN_EMPTY_BODY = YES;
				CLANG_WARN_ENUM_CONVERSION = YES;
				CLANG_WARN_INFINITE_RECURSION = YES;
				CLANG_WARN_INT_CONVERSION = YES;
				CLANG_WARN_NON_LITERAL_NULL_CONVERSION = YES;
				CLANG_WARN_OBJC_IMPLICIT_RETAIN_SELF = YES;
				CLANG_WARN_OBJC_LITERAL_CONVERSION = YES;
				CLANG_WARN_OBJC_ROOT_CLASS = YES_ERROR;
				CLANG_WARN_QUOTED_INCLUDE_IN_FRAMEWORK_HEADER = YES;
				CLANG_WARN_RANGE_LOOP_ANALYSIS = YES;
				CLANG_WARN_STRICT_PROTOTYPES = YES;
				CLANG_WARN_SUSPICIOUS_MOVE = YES;
				CLANG_WARN_UNGUARDED_AVAILABILITY = YES_AGGRESSIVE;
				CLANG_WARN_UNREACHABLE_CODE = YES;
				CLANG_WARN__DUPLICATE_METHOD_MATCH = YES;
				COPY_PHASE_STRIP = NO;
				DEBUG_INFORMATION_FORMAT = "dwarf-with-dsym";
				DEVELOPMENT_TEAM = WS3BK2UAV4;
				ENABLE_NS_ASSERTIONS = NO;
				ENABLE_STRICT_OBJC_MSGSEND = YES;
				ENABLE_USER_SCRIPT_SANDBOXING = YES;
				GCC_C_LANGUAGE_STANDARD = gnu17;
				GCC_NO_COMMON_BLOCKS = YES;
				GCC_WARN_64_TO_32_BIT_CONVERSION = YES;
				GCC_WARN_ABOUT_RETURN_TYPE = YES_ERROR;
				GCC_WARN_UNDECLARED_SELECTOR = YES;
				GCC_WARN_UNINITIALIZED_AUTOS = YES_AGGRESSIVE;
				GCC_WARN_UNUSED_FUNCTION = YES;
				GCC_WARN_UNUSED_VARIABLE = YES;
				IPHONEOS_DEPLOYMENT_TARGET = 18.4;
				LOCALIZATION_PREFERS_STRING_CATALOGS = YES;
				MTL_ENABLE_DEBUG_INFO = NO;
				MTL_FAST_MATH = YES;
				SDKROOT = iphoneos;
				SWIFT_COMPILATION_MODE = wholemodule;
				VALIDATE_PRODUCT = YES;
			};
			name = Release;
		};
		FE3611332DAC9BA2001AFEE0 /* Debug */ = {
			isa = XCBuildConfiguration;
			buildSettings = {
				BUNDLE_LOADER = "$(TEST_HOST)";
				CODE_SIGN_STYLE = Automatic;
				CURRENT_PROJECT_VERSION = 1;
				DEVELOPMENT_TEAM = WS3BK2UAV4;
				GENERATE_INFOPLIST_FILE = YES;
				IPHONEOS_DEPLOYMENT_TARGET = 18.4;
				MARKETING_VERSION = 1.0;
				PRODUCT_BUNDLE_IDENTIFIER = minhbui.WeStoreTests;
				PRODUCT_NAME = "$(TARGET_NAME)";
				SWIFT_EMIT_LOC_STRINGS = NO;
				SWIFT_VERSION = 5.0;
				TARGETED_DEVICE_FAMILY = "1,2";
				TEST_HOST = "$(BUILT_PRODUCTS_DIR)/WeStore.app/$(BUNDLE_EXECUTABLE_FOLDER_PATH)/WeStore";
			};
			name = Debug;
		};
		FE3611342DAC9BA2001AFEE0 /* Release */ = {
			isa = XCBuildConfiguration;
			buildSettings = {
				BUNDLE_LOADER = "$(TEST_HOST)";
				CODE_SIGN_STYLE = Automatic;
				CURRENT_PROJECT_VERSION = 1;
				DEVELOPMENT_TEAM = WS3BK2UAV4;
				GENERATE_INFOPLIST_FILE = YES;
				IPHONEOS_DEPLOYMENT_TARGET = 18.4;
				MARKETING_VERSION = 1.0;
				PRODUCT_BUNDLE_IDENTIFIER = minhbui.WeStoreTests;
				PRODUCT_NAME = "$(TARGET_NAME)";
				SWIFT_EMIT_LOC_STRINGS = NO;
				SWIFT_VERSION = 5.0;
				TARGETED_DEVICE_FAMILY = "1,2";
				TEST_HOST = "$(BUILT_PRODUCTS_DIR)/WeStore.app/$(BUNDLE_EXECUTABLE_FOLDER_PATH)/WeStore";
			};
			name = Release;
		};
		FE3611362DAC9BA2001AFEE0 /* Debug */ = {
			isa = XCBuildConfiguration;
			buildSettings = {
				CODE_SIGN_STYLE = Automatic;
				CURRENT_PROJECT_VERSION = 1;
				DEVELOPMENT_TEAM = WS3BK2UAV4;
				GENERATE_INFOPLIST_FILE = YES;
				MARKETING_VERSION = 1.0;
				PRODUCT_BUNDLE_IDENTIFIER = minhbui.WeStoreUITests;
				PRODUCT_NAME = "$(TARGET_NAME)";
				SWIFT_EMIT_LOC_STRINGS = NO;
				SWIFT_VERSION = 5.0;
				TARGETED_DEVICE_FAMILY = "1,2";
				TEST_TARGET_NAME = WeStore;
			};
			name = Debug;
		};
		FE3611372DAC9BA2001AFEE0 /* Release */ = {
			isa = XCBuildConfiguration;
			buildSettings = {
				CODE_SIGN_STYLE = Automatic;
				CURRENT_PROJECT_VERSION = 1;
				DEVELOPMENT_TEAM = WS3BK2UAV4;
				GENERATE_INFOPLIST_FILE = YES;
				MARKETING_VERSION = 1.0;
				PRODUCT_BUNDLE_IDENTIFIER = minhbui.WeStoreUITests;
				PRODUCT_NAME = "$(TARGET_NAME)";
				SWIFT_EMIT_LOC_STRINGS = NO;
				SWIFT_VERSION = 5.0;
				TARGETED_DEVICE_FAMILY = "1,2";
				TEST_TARGET_NAME = WeStore;
			};
			name = Release;
		};
/* End XCBuildConfiguration section */

/* Begin XCConfigurationList section */
		FE3610FF2DAC9BA1001AFEE0 /* Build configuration list for PBXProject "WeStore" */ = {
			isa = XCConfigurationList;
			buildConfigurations = (
				FE3611302DAC9BA2001AFEE0 /* Debug */,
				FE3611312DAC9BA2001AFEE0 /* Release */,
			);
			defaultConfigurationIsVisible = 0;
			defaultConfigurationName = Release;
		};
		FE36112D2DAC9BA2001AFEE0 /* Build configuration list for PBXNativeTarget "WeStore" */ = {
			isa = XCConfigurationList;
			buildConfigurations = (
				FE36112E2DAC9BA2001AFEE0 /* Debug */,
				FE36112F2DAC9BA2001AFEE0 /* Release */,
			);
			defaultConfigurationIsVisible = 0;
			defaultConfigurationName = Release;
		};
		FE3611322DAC9BA2001AFEE0 /* Build configuration list for PBXNativeTarget "WeStoreTests" */ = {
			isa = XCConfigurationList;
			buildConfigurations = (
				FE3611332DAC9BA2001AFEE0 /* Debug */,
				FE3611342DAC9BA2001AFEE0 /* Release */,
			);
			defaultConfigurationIsVisible = 0;
			defaultConfigurationName = Release;
		};
		FE3611352DAC9BA2001AFEE0 /* Build configuration list for PBXNativeTarget "WeStoreUITests" */ = {
			isa = XCConfigurationList;
			buildConfigurations = (
				FE3611362DAC9BA2001AFEE0 /* Debug */,
				FE3611372DAC9BA2001AFEE0 /* Release */,
			);
			defaultConfigurationIsVisible = 0;
			defaultConfigurationName = Release;
		};
/* End XCConfigurationList section */
	};
	rootObject = FE3610FC2DAC9BA1001AFEE0 /* Project object */;
}
